<Solution>
  <Project Path="AmplifyShaderEditor.csproj" />
  <Project Path="Assembly-CSharp.csproj" />
  <Project Path="Unity.Polybrush.csproj" />
  <Project Path="Unity.Polybrush.Editor.csproj" />
  <Project Path="LineworkLite.csproj" />
  <Project Path="FMODUnityResonanceEditor.csproj" />
  <Project Path="FMODUnityEditor.csproj" />
  <Project Path="FMODUnity.csproj" />
  <Project Path="LineworkLite.Editor.csproj" />
  <Project Path="FMODUnityResonance.csproj" />
  <Project Path="Assembly-CSharp-Editor.csproj" />
</Solution>
